
Microsoft Visual Studio Solution File, Format Version 12.00
# Visual Studio Version 17
VisualStudioVersion = 17.0.31903.59
MinimumVisualStudioVersion = 10.0.40219.1
Project("{FAE04EC0-301F-11D3-BF4B-00C04F79EFBC}") = "ApiGateway", "MyYarpTutorial.ApiGateway\ApiGateway.csproj", "{875FFE09-226A-478B-8026-05B51EFD0A0B}"
EndProject
Project("{FAE04EC0-301F-11D3-BF4B-00C04F79EFBC}") = "Shared", "MyYarpTutorial.Shared\Shared.csproj", "{24C5DFCA-1992-4979-9D86-DFC84E613547}"
EndProject
Project("{FAE04EC0-301F-11D3-BF4B-00C04F79EFBC}") = "SupplierService", "MyYarpTutorial.Api.Supplier\SupplierService.csproj", "{F0BBF2C9-36E2-48F5-B4EA-9C2F5D450389}"
EndProject
Project("{FAE04EC0-301F-11D3-BF4B-00C04F79EFBC}") = "CustomerService", "MyYarpTutorial.Api.Customer\CustomerService.csproj", "{853F26C1-EBB8-4754-A4D6-D18175437FA0}"
EndProject
Project("{2150E333-8FDC-42A3-9474-1A3956D46DE8}") = "BackendServices", "BackendServices", "{FA05F72F-A9F0-4F8F-B912-72E88B7B75E1}"
EndProject
Global
	GlobalSection(SolutionConfigurationPlatforms) = preSolution
		Debug|Any CPU = Debug|Any CPU
		Release|Any CPU = Release|Any CPU
	EndGlobalSection
	GlobalSection(SolutionProperties) = preSolution
		HideSolutionNode = FALSE
	EndGlobalSection
	GlobalSection(ProjectConfigurationPlatforms) = postSolution
		{875FFE09-226A-478B-8026-05B51EFD0A0B}.Debug|Any CPU.ActiveCfg = Debug|Any CPU
		{875FFE09-226A-478B-8026-05B51EFD0A0B}.Debug|Any CPU.Build.0 = Debug|Any CPU
		{875FFE09-226A-478B-8026-05B51EFD0A0B}.Release|Any CPU.ActiveCfg = Release|Any CPU
		{875FFE09-226A-478B-8026-05B51EFD0A0B}.Release|Any CPU.Build.0 = Release|Any CPU
		{24C5DFCA-1992-4979-9D86-DFC84E613547}.Debug|Any CPU.ActiveCfg = Debug|Any CPU
		{24C5DFCA-1992-4979-9D86-DFC84E613547}.Debug|Any CPU.Build.0 = Debug|Any CPU
		{24C5DFCA-1992-4979-9D86-DFC84E613547}.Release|Any CPU.ActiveCfg = Release|Any CPU
		{24C5DFCA-1992-4979-9D86-DFC84E613547}.Release|Any CPU.Build.0 = Release|Any CPU
		{F0BBF2C9-36E2-48F5-B4EA-9C2F5D450389}.Debug|Any CPU.ActiveCfg = Debug|Any CPU
		{F0BBF2C9-36E2-48F5-B4EA-9C2F5D450389}.Debug|Any CPU.Build.0 = Debug|Any CPU
		{F0BBF2C9-36E2-48F5-B4EA-9C2F5D450389}.Release|Any CPU.ActiveCfg = Release|Any CPU
		{F0BBF2C9-36E2-48F5-B4EA-9C2F5D450389}.Release|Any CPU.Build.0 = Release|Any CPU
		{853F26C1-EBB8-4754-A4D6-D18175437FA0}.Debug|Any CPU.ActiveCfg = Debug|Any CPU
		{853F26C1-EBB8-4754-A4D6-D18175437FA0}.Debug|Any CPU.Build.0 = Debug|Any CPU
		{853F26C1-EBB8-4754-A4D6-D18175437FA0}.Release|Any CPU.ActiveCfg = Release|Any CPU
		{853F26C1-EBB8-4754-A4D6-D18175437FA0}.Release|Any CPU.Build.0 = Release|Any CPU
	EndGlobalSection
	GlobalSection(NestedProjects) = preSolution
		{853F26C1-EBB8-4754-A4D6-D18175437FA0} = {FA05F72F-A9F0-4F8F-B912-72E88B7B75E1}
		{F0BBF2C9-36E2-48F5-B4EA-9C2F5D450389} = {FA05F72F-A9F0-4F8F-B912-72E88B7B75E1}
	EndGlobalSection
EndGlobal
